{
  "name": "test",
  "lockfileVersion": 3,
  "requires": true,
  "packages": {
    "": {
      "devDependencies": {
        "js-image-compressor": "^2.0.0"
      }
    },
    "node_modules/js-image-compressor": {
      "version": "2.0.0",
      "resolved": "https://registry.npmjs.org/js-image-compressor/-/js-image-compressor-2.0.0.tgz",
      "integrity": "sha512-HUhGwVxwLsxXjP7ztQ1CF2iE6X1YRW1lcalJZYfNymPvuO4kK1bbLVeumVDZs6OPDUK1c0BPwhVH/SsRso8Jbw==",
      "dev": true
    }
  }
}
